PODS:
  - boost (1.76.0)
  - DoubleConversion (1.1.6)
  - EXApplication (5.1.1):
    - ExpoModulesCore
  - EXConstants (14.2.1):
    - ExpoModulesCore
  - EXFileSystem (15.2.2):
    - ExpoModulesCore
  - EXFont (11.1.1):
    - ExpoModulesCore
  - Expo (48.0.11):
    - ExpoModulesCore
  - ExpoKeepAwake (12.0.1):
    - ExpoModulesCore
  - ExpoModulesCore (1.2.6):
    - React-Core
    - React-RCTAppDelegate
    - ReactCommon/turbomodule/core
  - EXSplashScreen (0.18.1):
    - ExpoModulesCore
    - React-Core
  - FBLazyVector (0.71.6)
  - FBReactNativeSpec (0.71.6):
    - RCT-Folly (= 2021.07.22.00)
    - RCTRequired (= 0.71.6)
    - RCTTypeSafety (= 0.71.6)
    - React-Core (= 0.71.6)
    - React-jsi (= 0.71.6)
    - ReactCommon/turbomodule/core (= 0.71.6)
  - fmt (6.2.1)
  - glog (0.3.5)
  - RCT-Folly (2021.07.22.00):
    - boost
    - DoubleConversion
    - fmt (~> 6.2.1)
    - glog
    - RCT-Folly/Default (= 2021.07.22.00)
  - RCT-Folly/Default (2021.07.22.00):
    - boost
    - DoubleConversion
    - fmt (~> 6.2.1)
    - glog
  - RCTRequired (0.71.6)
  - RCTTypeSafety (0.71.6):
    - FBLazyVector (= 0.71.6)
    - RCTRequired (= 0.71.6)
    - React-Core (= 0.71.6)
  - React (0.71.6):
    - React-Core (= 0.71.6)
    - React-Core/DevSupport (= 0.71.6)
    - React-Core/RCTWebSocket (= 0.71.6)
    - React-RCTActionSheet (= 0.71.6)
    - React-RCTAnimation (= 0.71.6)
    - React-RCTBlob (= 0.71.6)
    - React-RCTImage (= 0.71.6)
    - React-RCTLinking (= 0.71.6)
    - React-RCTNetwork (= 0.71.6)
    - React-RCTSettings (= 0.71.6)
    - React-RCTText (= 0.71.6)
    - React-RCTVibration (= 0.71.6)
  - React-callinvoker (0.71.6)
  - React-Codegen (0.71.6):
    - FBReactNativeSpec
    - RCT-Folly
    - RCTRequired
    - RCTTypeSafety
    - React-Core
    - React-jsc
    - React-jsi
    - React-jsiexecutor
    - ReactCommon/turbomodule/bridging
    - ReactCommon/turbomodule/core
  - React-Core (0.71.6):
    - glog
    - RCT-Folly (= 2021.07.22.00)
    - React-Core/Default (= 0.71.6)
    - React-cxxreact (= 0.71.6)
    - React-jsc
    - React-jsi (= 0.71.6)
    - React-jsiexecutor (= 0.71.6)
    - React-perflogger (= 0.71.6)
    - Yoga
  - React-Core/CoreModulesHeaders (0.71.6):
    - glog
    - RCT-Folly (= 2021.07.22.00)
    - React-Core/Default
    - React-cxxreact (= 0.71.6)
    - React-jsc
    - React-jsi (= 0.71.6)
    - React-jsiexecutor (= 0.71.6)
    - React-perflogger (= 0.71.6)
    - Yoga
  - React-Core/Default (0.71.6):
    - glog
    - RCT-Folly (= 2021.07.22.00)
    - React-cxxreact (= 0.71.6)
    - React-jsc
    - React-jsi (= 0.71.6)
    - React-jsiexecutor (= 0.71.6)
    - React-perflogger (= 0.71.6)
    - Yoga
  - React-Core/DevSupport (0.71.6):
    - glog
    - RCT-Folly (= 2021.07.22.00)
    - React-Core/Default (= 0.71.6)
    - React-Core/RCTWebSocket (= 0.71.6)
    - React-cxxreact (= 0.71.6)
    - React-jsc
    - React-jsi (= 0.71.6)
    - React-jsiexecutor (= 0.71.6)
    - React-jsinspector (= 0.71.6)
    - React-perflogger (= 0.71.6)
    - Yoga
  - React-Core/RCTActionSheetHeaders (0.71.6):
    - glog
    - RCT-Folly (= 2021.07.22.00)
    - React-Core/Default
    - React-cxxreact (= 0.71.6)
    - React-jsc
    - React-jsi (= 0.71.6)
    - React-jsiexecutor (= 0.71.6)
    - React-perflogger (= 0.71.6)
    - Yoga
  - React-Core/RCTAnimationHeaders (0.71.6):
    - glog
    - RCT-Folly (= 2021.07.22.00)
    - React-Core/Default
    - React-cxxreact (= 0.71.6)
    - React-jsc
    - React-jsi (= 0.71.6)
    - React-jsiexecutor (= 0.71.6)
    - React-perflogger (= 0.71.6)
    - Yoga
  - React-Core/RCTBlobHeaders (0.71.6):
    - glog
    - RCT-Folly (= 2021.07.22.00)
    - React-Core/Default
    - React-cxxreact (= 0.71.6)
    - React-jsc
    - React-jsi (= 0.71.6)
    - React-jsiexecutor (= 0.71.6)
    - React-perflogger (= 0.71.6)
    - Yoga
  - React-Core/RCTImageHeaders (0.71.6):
    - glog
    - RCT-Folly (= 2021.07.22.00)
    - React-Core/Default
    - React-cxxreact (= 0.71.6)
    - React-jsc
    - React-jsi (= 0.71.6)
    - React-jsiexecutor (= 0.71.6)
    - React-perflogger (= 0.71.6)
    - Yoga
  - React-Core/RCTLinkingHeaders (0.71.6):
    - glog
    - RCT-Folly (= 2021.07.22.00)
    - React-Core/Default
    - React-cxxreact (= 0.71.6)
    - React-jsc
    - React-jsi (= 0.71.6)
    - React-jsiexecutor (= 0.71.6)
    - React-perflogger (= 0.71.6)
    - Yoga
  - React-Core/RCTNetworkHeaders (0.71.6):
    - glog
    - RCT-Folly (= 2021.07.22.00)
    - React-Core/Default
    - React-cxxreact (= 0.71.6)
    - React-jsc
    - React-jsi (= 0.71.6)
    - React-jsiexecutor (= 0.71.6)
    - React-perflogger (= 0.71.6)
    - Yoga
  - React-Core/RCTSettingsHeaders (0.71.6):
    - glog
    - RCT-Folly (= 2021.07.22.00)
    - React-Core/Default
    - React-cxxreact (= 0.71.6)
    - React-jsc
    - React-jsi (= 0.71.6)
    - React-jsiexecutor (= 0.71.6)
    - React-perflogger (= 0.71.6)
    - Yoga
  - React-Core/RCTTextHeaders (0.71.6):
    - glog
    - RCT-Folly (= 2021.07.22.00)
    - React-Core/Default
    - React-cxxreact (= 0.71.6)
    - React-jsc
    - React-jsi (= 0.71.6)
    - React-jsiexecutor (= 0.71.6)
    - React-perflogger (= 0.71.6)
    - Yoga
  - React-Core/RCTVibrationHeaders (0.71.6):
    - glog
    - RCT-Folly (= 2021.07.22.00)
    - React-Core/Default
    - React-cxxreact (= 0.71.6)
    - React-jsc
    - React-jsi (= 0.71.6)
    - React-jsiexecutor (= 0.71.6)
    - React-perflogger (= 0.71.6)
    - Yoga
  - React-Core/RCTWebSocket (0.71.6):
    - glog
    - RCT-Folly (= 2021.07.22.00)
    - React-Core/Default (= 0.71.6)
    - React-cxxreact (= 0.71.6)
    - React-jsc
    - React-jsi (= 0.71.6)
    - React-jsiexecutor (= 0.71.6)
    - React-perflogger (= 0.71.6)
    - Yoga
  - React-CoreModules (0.71.6):
    - RCT-Folly (= 2021.07.22.00)
    - RCTTypeSafety (= 0.71.6)
    - React-Codegen (= 0.71.6)
    - React-Core/CoreModulesHeaders (= 0.71.6)
    - React-jsi (= 0.71.6)
    - React-RCTBlob
    - React-RCTImage (= 0.71.6)
    - ReactCommon/turbomodule/core (= 0.71.6)
  - React-cxxreact (0.71.6):
    - boost (= 1.76.0)
    - DoubleConversion
    - glog
    - RCT-Folly (= 2021.07.22.00)
    - React-callinvoker (= 0.71.6)
    - React-jsi (= 0.71.6)
    - React-jsinspector (= 0.71.6)
    - React-logger (= 0.71.6)
    - React-perflogger (= 0.71.6)
    - React-runtimeexecutor (= 0.71.6)
  - React-jsc (0.71.6):
    - React-jsc/Fabric (= 0.71.6)
    - React-jsi (= 0.71.6)
  - React-jsc/Fabric (0.71.6):
    - React-jsi (= 0.71.6)
  - React-jsi (0.71.6):
    - boost (= 1.76.0)
    - DoubleConversion
    - glog
    - RCT-Folly (= 2021.07.22.00)
  - React-jsiexecutor (0.71.6):
    - DoubleConversion
    - glog
    - RCT-Folly (= 2021.07.22.00)
    - React-cxxreact (= 0.71.6)
    - React-jsi (= 0.71.6)
    - React-perflogger (= 0.71.6)
  - React-jsinspector (0.71.6)
  - React-logger (0.71.6):
    - glog
  - react-native-pager-view (6.2.0):
    - React-Core
  - React-perflogger (0.71.6)
  - React-RCTActionSheet (0.71.6):
    - React-Core/RCTActionSheetHeaders (= 0.71.6)
  - React-RCTAnimation (0.71.6):
    - RCT-Folly (= 2021.07.22.00)
    - RCTTypeSafety (= 0.71.6)
    - React-Codegen (= 0.71.6)
    - React-Core/RCTAnimationHeaders (= 0.71.6)
    - React-jsi (= 0.71.6)
    - ReactCommon/turbomodule/core (= 0.71.6)
  - React-RCTAppDelegate (0.71.6):
    - RCT-Folly
    - RCTRequired
    - RCTTypeSafety
    - React-Core
    - ReactCommon/turbomodule/core
  - React-RCTBlob (0.71.6):
    - RCT-Folly (= 2021.07.22.00)
    - React-Codegen (= 0.71.6)
    - React-Core/RCTBlobHeaders (= 0.71.6)
    - React-Core/RCTWebSocket (= 0.71.6)
    - React-jsi (= 0.71.6)
    - React-RCTNetwork (= 0.71.6)
    - ReactCommon/turbomodule/core (= 0.71.6)
  - React-RCTImage (0.71.6):
    - RCT-Folly (= 2021.07.22.00)
    - RCTTypeSafety (= 0.71.6)
    - React-Codegen (= 0.71.6)
    - React-Core/RCTImageHeaders (= 0.71.6)
    - React-jsi (= 0.71.6)
    - React-RCTNetwork (= 0.71.6)
    - ReactCommon/turbomodule/core (= 0.71.6)
  - React-RCTLinking (0.71.6):
    - React-Codegen (= 0.71.6)
    - React-Core/RCTLinkingHeaders (= 0.71.6)
    - React-jsi (= 0.71.6)
    - ReactCommon/turbomodule/core (= 0.71.6)
  - React-RCTNetwork (0.71.6):
    - RCT-Folly (= 2021.07.22.00)
    - RCTTypeSafety (= 0.71.6)
    - React-Codegen (= 0.71.6)
    - React-Core/RCTNetworkHeaders (= 0.71.6)
    - React-jsi (= 0.71.6)
    - ReactCommon/turbomodule/core (= 0.71.6)
  - React-RCTSettings (0.71.6):
    - RCT-Folly (= 2021.07.22.00)
    - RCTTypeSafety (= 0.71.6)
    - React-Codegen (= 0.71.6)
    - React-Core/RCTSettingsHeaders (= 0.71.6)
    - React-jsi (= 0.71.6)
    - ReactCommon/turbomodule/core (= 0.71.6)
  - React-RCTText (0.71.6):
    - React-Core/RCTTextHeaders (= 0.71.6)
  - React-RCTVibration (0.71.6):
    - RCT-Folly (= 2021.07.22.00)
    - React-Codegen (= 0.71.6)
    - React-Core/RCTVibrationHeaders (= 0.71.6)
    - React-jsi (= 0.71.6)
    - ReactCommon/turbomodule/core (= 0.71.6)
  - React-runtimeexecutor (0.71.6):
    - React-jsi (= 0.71.6)
  - ReactCommon/turbomodule/bridging (0.71.6):
    - DoubleConversion
    - glog
    - RCT-Folly (= 2021.07.22.00)
    - React-callinvoker (= 0.71.6)
    - React-Core (= 0.71.6)
    - React-cxxreact (= 0.71.6)
    - React-jsi (= 0.71.6)
    - React-logger (= 0.71.6)
    - React-perflogger (= 0.71.6)
  - ReactCommon/turbomodule/core (0.71.6):
    - DoubleConversion
    - glog
    - RCT-Folly (= 2021.07.22.00)
    - React-callinvoker (= 0.71.6)
    - React-Core (= 0.71.6)
    - React-cxxreact (= 0.71.6)
    - React-jsi (= 0.71.6)
    - React-logger (= 0.71.6)
    - React-perflogger (= 0.71.6)
  - RNFlashList (1.4.2):
    - React-Core
  - RNGestureHandler (2.9.0):
    - React-Core
  - RNReanimated (3.4.1):
    - DoubleConversion
    - FBLazyVector
    - FBReactNativeSpec
    - glog
    - RCT-Folly
    - RCTRequired
    - RCTTypeSafety
    - React-callinvoker
    - React-Core
    - React-Core/DevSupport
    - React-Core/RCTWebSocket
    - React-CoreModules
    - React-cxxreact
    - React-jsi
    - React-jsiexecutor
    - React-jsinspector
    - React-RCTActionSheet
    - React-RCTAnimation
    - React-RCTBlob
    - React-RCTImage
    - React-RCTLinking
    - React-RCTNetwork
    - React-RCTSettings
    - React-RCTText
    - ReactCommon/turbomodule/core
    - Yoga
  - Yoga (1.14.0)

DEPENDENCIES:
  - boost (from `../node_modules/react-native/third-party-podspecs/boost.podspec`)
  - DoubleConversion (from `../node_modules/react-native/third-party-podspecs/DoubleConversion.podspec`)
  - EXApplication (from `../node_modules/expo-application/ios`)
  - EXConstants (from `../node_modules/expo-constants/ios`)
  - EXFileSystem (from `../node_modules/expo-file-system/ios`)
  - EXFont (from `../node_modules/expo-font/ios`)
  - Expo (from `../node_modules/expo`)
  - ExpoKeepAwake (from `../node_modules/expo-keep-awake/ios`)
  - ExpoModulesCore (from `../node_modules/expo-modules-core`)
  - EXSplashScreen (from `../node_modules/expo-splash-screen/ios`)
  - FBLazyVector (from `../node_modules/react-native/Libraries/FBLazyVector`)
  - FBReactNativeSpec (from `../node_modules/react-native/React/FBReactNativeSpec`)
  - glog (from `../node_modules/react-native/third-party-podspecs/glog.podspec`)
  - RCT-Folly (from `../node_modules/react-native/third-party-podspecs/RCT-Folly.podspec`)
  - RCTRequired (from `../node_modules/react-native/Libraries/RCTRequired`)
  - RCTTypeSafety (from `../node_modules/react-native/Libraries/TypeSafety`)
  - React (from `../node_modules/react-native/`)
  - React-callinvoker (from `../node_modules/react-native/ReactCommon/callinvoker`)
  - React-Codegen (from `build/generated/ios`)
  - React-Core (from `../node_modules/react-native/`)
  - React-Core/RCTWebSocket (from `../node_modules/react-native/`)
  - React-CoreModules (from `../node_modules/react-native/React/CoreModules`)
  - React-cxxreact (from `../node_modules/react-native/ReactCommon/cxxreact`)
  - React-jsc (from `../node_modules/react-native/ReactCommon/jsc`)
  - React-jsi (from `../node_modules/react-native/ReactCommon/jsi`)
  - React-jsiexecutor (from `../node_modules/react-native/ReactCommon/jsiexecutor`)
  - React-jsinspector (from `../node_modules/react-native/ReactCommon/jsinspector`)
  - React-logger (from `../node_modules/react-native/ReactCommon/logger`)
  - react-native-pager-view (from `../node_modules/react-native-pager-view`)
  - React-perflogger (from `../node_modules/react-native/ReactCommon/reactperflogger`)
  - React-RCTActionSheet (from `../node_modules/react-native/Libraries/ActionSheetIOS`)
  - React-RCTAnimation (from `../node_modules/react-native/Libraries/NativeAnimation`)
  - React-RCTAppDelegate (from `../node_modules/react-native/Libraries/AppDelegate`)
  - React-RCTBlob (from `../node_modules/react-native/Libraries/Blob`)
  - React-RCTImage (from `../node_modules/react-native/Libraries/Image`)
  - React-RCTLinking (from `../node_modules/react-native/Libraries/LinkingIOS`)
  - React-RCTNetwork (from `../node_modules/react-native/Libraries/Network`)
  - React-RCTSettings (from `../node_modules/react-native/Libraries/Settings`)
  - React-RCTText (from `../node_modules/react-native/Libraries/Text`)
  - React-RCTVibration (from `../node_modules/react-native/Libraries/Vibration`)
  - React-runtimeexecutor (from `../node_modules/react-native/ReactCommon/runtimeexecutor`)
  - ReactCommon/turbomodule/core (from `../node_modules/react-native/ReactCommon`)
  - "RNFlashList (from `../node_modules/@shopify/flash-list`)"
  - RNGestureHandler (from `../node_modules/react-native-gesture-handler`)
  - RNReanimated (from `../node_modules/react-native-reanimated`)
  - Yoga (from `../node_modules/react-native/ReactCommon/yoga`)

SPEC REPOS:
  trunk:
    - fmt

EXTERNAL SOURCES:
  boost:
    :podspec: "../node_modules/react-native/third-party-podspecs/boost.podspec"
  DoubleConversion:
    :podspec: "../node_modules/react-native/third-party-podspecs/DoubleConversion.podspec"
  EXApplication:
    :path: "../node_modules/expo-application/ios"
  EXConstants:
    :path: "../node_modules/expo-constants/ios"
  EXFileSystem:
    :path: "../node_modules/expo-file-system/ios"
  EXFont:
    :path: "../node_modules/expo-font/ios"
  Expo:
    :path: "../node_modules/expo"
  ExpoKeepAwake:
    :path: "../node_modules/expo-keep-awake/ios"
  ExpoModulesCore:
    :path: "../node_modules/expo-modules-core"
  EXSplashScreen:
    :path: "../node_modules/expo-splash-screen/ios"
  FBLazyVector:
    :path: "../node_modules/react-native/Libraries/FBLazyVector"
  FBReactNativeSpec:
    :path: "../node_modules/react-native/React/FBReactNativeSpec"
  glog:
    :podspec: "../node_modules/react-native/third-party-podspecs/glog.podspec"
  RCT-Folly:
    :podspec: "../node_modules/react-native/third-party-podspecs/RCT-Folly.podspec"
  RCTRequired:
    :path: "../node_modules/react-native/Libraries/RCTRequired"
  RCTTypeSafety:
    :path: "../node_modules/react-native/Libraries/TypeSafety"
  React:
    :path: "../node_modules/react-native/"
  React-callinvoker:
    :path: "../node_modules/react-native/ReactCommon/callinvoker"
  React-Codegen:
    :path: build/generated/ios
  React-Core:
    :path: "../node_modules/react-native/"
  React-CoreModules:
    :path: "../node_modules/react-native/React/CoreModules"
  React-cxxreact:
    :path: "../node_modules/react-native/ReactCommon/cxxreact"
  React-jsc:
    :path: "../node_modules/react-native/ReactCommon/jsc"
  React-jsi:
    :path: "../node_modules/react-native/ReactCommon/jsi"
  React-jsiexecutor:
    :path: "../node_modules/react-native/ReactCommon/jsiexecutor"
  React-jsinspector:
    :path: "../node_modules/react-native/ReactCommon/jsinspector"
  React-logger:
    :path: "../node_modules/react-native/ReactCommon/logger"
  react-native-pager-view:
    :path: "../node_modules/react-native-pager-view"
  React-perflogger:
    :path: "../node_modules/react-native/ReactCommon/reactperflogger"
  React-RCTActionSheet:
    :path: "../node_modules/react-native/Libraries/ActionSheetIOS"
  React-RCTAnimation:
    :path: "../node_modules/react-native/Libraries/NativeAnimation"
  React-RCTAppDelegate:
    :path: "../node_modules/react-native/Libraries/AppDelegate"
  React-RCTBlob:
    :path: "../node_modules/react-native/Libraries/Blob"
  React-RCTImage:
    :path: "../node_modules/react-native/Libraries/Image"
  React-RCTLinking:
    :path: "../node_modules/react-native/Libraries/LinkingIOS"
  React-RCTNetwork:
    :path: "../node_modules/react-native/Libraries/Network"
  React-RCTSettings:
    :path: "../node_modules/react-native/Libraries/Settings"
  React-RCTText:
    :path: "../node_modules/react-native/Libraries/Text"
  React-RCTVibration:
    :path: "../node_modules/react-native/Libraries/Vibration"
  React-runtimeexecutor:
    :path: "../node_modules/react-native/ReactCommon/runtimeexecutor"
  ReactCommon:
    :path: "../node_modules/react-native/ReactCommon"
  RNFlashList:
    :path: "../node_modules/@shopify/flash-list"
  RNGestureHandler:
    :path: "../node_modules/react-native-gesture-handler"
  RNReanimated:
    :path: "../node_modules/react-native-reanimated"
  Yoga:
    :path: "../node_modules/react-native/ReactCommon/yoga"

SPEC CHECKSUMS:
  boost: 57d2868c099736d80fcd648bf211b4431e51a558
  DoubleConversion: 5189b271737e1565bdce30deb4a08d647e3f5f54
  EXApplication: d8f53a7eee90a870a75656280e8d4b85726ea903
  EXConstants: f348da07e21b23d2b085e270d7b74f282df1a7d9
  EXFileSystem: 844e86ca9b5375486ecc4ef06d3838d5597d895d
  EXFont: 6ea3800df746be7233208d80fe379b8ed74f4272
  Expo: 81418098ffb16914b2e190f54e06db923248e4a1
  ExpoKeepAwake: 69f5f627670d62318410392d03e0b5db0f85759a
  ExpoModulesCore: 6e0259511f4c4341b6b8357db393624df2280828
  EXSplashScreen: cd7fb052dff5ba8311d5c2455ecbebffe1b7a8ca
  FBLazyVector: a83ceaa8a8581003a623facdb3c44f6d4f342ac5
  FBReactNativeSpec: 85eee79837cb797ab6176f0243a2b40511c09158
  fmt: ff9d55029c625d3757ed641535fd4a75fedc7ce9
  glog: 04b94705f318337d7ead9e6d17c019bd9b1f6b1b
  RCT-Folly: 424b8c9a7a0b9ab2886ffe9c3b041ef628fd4fb1
  RCTRequired: 5c6fd63b03abb06947d348dadac51c93e3485bd8
  RCTTypeSafety: 1c66daedd66f674e39ce9f40782f0d490c78b175
  React: e11ca7cdc7aa4ddd7e6a59278b808cfe17ebbd9f
  React-callinvoker: 77a82869505c96945c074b80bbdc8df919646d51
  React-Codegen: c82a2e6d2ad883f00a89d4a80781090a8b1cc3ac
  React-Core: 9896746d1a42a10183cec8003867ae391d28a920
  React-CoreModules: 83d989defdfc82be1f7386f84a56b6509f54ac74
  React-cxxreact: 46e201a9824518a9e49bfb79729402b067a008ce
  React-jsc: f5f7312e31b875ddec3597c298ac013e5a644604
  React-jsi: 89bed41dd010026a1873450b9e79b2b5c804a468
  React-jsiexecutor: fbbbda979d16e09825cced680f799108bec2ab58
  React-jsinspector: d5ce2ef3eb8fd30c28389d0bc577918c70821bd6
  React-logger: 9332c3e7b4ef007a0211c0a9868253aac3e1da82
  react-native-pager-view: 0ccb8bf60e2ebd38b1f3669fa3650ecce81db2df
  React-perflogger: 43392072a5b867a504e2b4857606f8fc5a403d7f
  React-RCTActionSheet: c7b67c125bebeda9fb19fc7b200d85cb9d6899c4
  React-RCTAnimation: c2de79906f607986633a7114bee44854e4c7e2f5
  React-RCTAppDelegate: 2660c1bfb98bf39f7954a076439430502ae220e2
  React-RCTBlob: f8ab8edbb0e4006d260fdda8963ec937192a7f48
  React-RCTImage: c6093f1bf3d67c0428d779b00390617d5bd90699
  React-RCTLinking: 5de47e37937889d22599af4b99d0552bad1b1c3c
  React-RCTNetwork: e7d7077e073b08e5dd486fba3fe87ccad90a9bc4
  React-RCTSettings: 72a04921b2e8fb832da7201a60ffffff2a7c62f7
  React-RCTText: 7123c70fef5367e2121fea37e65b9ad6d3747e54
  React-RCTVibration: 73d201599a64ea14b4e0b8f91b64970979fd92e6
  React-runtimeexecutor: 8692ac548bec648fa121980ccb4304afd136d584
  ReactCommon: e1067159764444e5db7c14e294d5cd79fb159c59
  RNFlashList: 7fbca4fc075484a9426f1610d648dbea2de94eb0
  RNGestureHandler: 071d7a9ad81e8b83fe7663b303d132406a7d8f39
  RNReanimated: f13888574906e326894b4978b8c670c3a4063aec
  Yoga: ba09b6b11e6139e3df8229238aa794205ca6a02a

PODFILE CHECKSUM: 4a1d4df08804ad081db13b6bea02bebbb098497a

COCOAPODS: 1.12.1
